
Microsoft Visual Studio Solution File, Format Version 12.00
# Visual Studio Version 17
VisualStudioVersion = 17.1.32210.238
MinimumVisualStudioVersion = 10.0.40219.1
Project("{FAE04EC0-301F-11D3-BF4B-00C04F79EFBC}") = "CopProject", "CopProject\CopProject.csproj", "{A0BDD301-EC73-4EE9-8064-C5186F2EBDF6}"
EndProject
Project("{2150E333-8FDC-42A3-9474-1A3956D46DE8}") = "1. Presentation", "1. Presentation", "{69CD22F8-1247-46E6-9AB6-C4BF69D0F958}"
EndProject
Project("{2150E333-8FDC-42A3-9474-1A3956D46DE8}") = "2. Application", "2. Application", "{70A6A678-4AEF-462D-A979-7A5DCBA06C9F}"
EndProject
Project("{2150E333-8FDC-42A3-9474-1A3956D46DE8}") = "3. Domain", "3. Domain", "{F439425C-D0D0-4456-9EC3-3FB3CA4C0016}"
EndProject
Project("{2150E333-8FDC-42A3-9474-1A3956D46DE8}") = "4. Infrastructure", "4. Infrastructure", "{8CF60A60-E57F-4A23-B4D3-B9EBC4F7D2DA}"
EndProject
Global
	GlobalSection(SolutionConfigurationPlatforms) = preSolution
		Debug|Any CPU = Debug|Any CPU
		Release|Any CPU = Release|Any CPU
	EndGlobalSection
	GlobalSection(ProjectConfigurationPlatforms) = postSolution
		{A0BDD301-EC73-4EE9-8064-C5186F2EBDF6}.Debug|Any CPU.ActiveCfg = Debug|Any CPU
		{A0BDD301-EC73-4EE9-8064-C5186F2EBDF6}.Debug|Any CPU.Build.0 = Debug|Any CPU
		{A0BDD301-EC73-4EE9-8064-C5186F2EBDF6}.Release|Any CPU.ActiveCfg = Release|Any CPU
		{A0BDD301-EC73-4EE9-8064-C5186F2EBDF6}.Release|Any CPU.Build.0 = Release|Any CPU
	EndGlobalSection
	GlobalSection(SolutionProperties) = preSolution
		HideSolutionNode = FALSE
	EndGlobalSection
	GlobalSection(NestedProjects) = preSolution
		{A0BDD301-EC73-4EE9-8064-C5186F2EBDF6} = {69CD22F8-1247-46E6-9AB6-C4BF69D0F958}
	EndGlobalSection
	GlobalSection(ExtensibilityGlobals) = postSolution
		SolutionGuid = {A7D3F768-56DD-4025-A172-FB8E0064CC42}
	EndGlobalSection
EndGlobal
